
Microsoft Visual Studio Solution File, Format Version 12.00
Project("{FAE04EC0-301F-11D3-BF4B-00C04F79EFBC}") = "CW_5", "CW_5.csproj", "{1C9D3D28-B71C-4210-A5E2-914F22BEC881}"
EndProject
Global
	GlobalSection(SolutionConfigurationPlatforms) = preSolution
		Debug|Any CPU = Debug|Any CPU
		Release|Any CPU = Release|Any CPU
	EndGlobalSection
	GlobalSection(ProjectConfigurationPlatforms) = postSolution
		{1C9D3D28-B71C-4210-A5E2-914F22BEC881}.Debug|Any CPU.ActiveCfg = Debug|Any CPU
		{1C9D3D28-B71C-4210-A5E2-914F22BEC881}.Debug|Any CPU.Build.0 = Debug|Any CPU
		{1C9D3D28-B71C-4210-A5E2-914F22BEC881}.Release|Any CPU.ActiveCfg = Release|Any CPU
		{1C9D3D28-B71C-4210-A5E2-914F22BEC881}.Release|Any CPU.Build.0 = Release|Any CPU
	EndGlobalSection
EndGlobal
